
Microsoft Visual Studio Solution File, Format Version 12.00
# Visual Studio Version 17
VisualStudioVersion = 17.14.36623.8
MinimumVisualStudioVersion = 10.0.40219.1
Project("{FAE04EC0-301F-11D3-BF4B-00C04F79EFBC}") = "BookingService.Api", "BookingService.Api\BookingService.Api.csproj", "{280C0D08-7704-4CF6-AF4B-F669C239D442}"
EndProject
Project("{FAE04EC0-301F-11D3-BF4B-00C04F79EFBC}") = "BookingService.Api.Tests", "BookingService.Api.Tests\BookingService.Api.Tests.csproj", "{9DFF8EBE-00AE-A47F-F5AE-7C95F99EB0F0}"
EndProject
Global
	GlobalSection(SolutionConfigurationPlatforms) = preSolution
		Debug|Any CPU = Debug|Any CPU
		Release|Any CPU = Release|Any CPU
	EndGlobalSection
	GlobalSection(ProjectConfigurationPlatforms) = postSolution
		{280C0D08-7704-4CF6-AF4B-F669C239D442}.Debug|Any CPU.ActiveCfg = Debug|Any CPU
		{280C0D08-7704-4CF6-AF4B-F669C239D442}.Debug|Any CPU.Build.0 = Debug|Any CPU
		{280C0D08-7704-4CF6-AF4B-F669C239D442}.Release|Any CPU.ActiveCfg = Release|Any CPU
		{280C0D08-7704-4CF6-AF4B-F669C239D442}.Release|Any CPU.Build.0 = Release|Any CPU
		{9DFF8EBE-00AE-A47F-F5AE-7C95F99EB0F0}.Debug|Any CPU.ActiveCfg = Debug|Any CPU
		{9DFF8EBE-00AE-A47F-F5AE-7C95F99EB0F0}.Debug|Any CPU.Build.0 = Debug|Any CPU
		{9DFF8EBE-00AE-A47F-F5AE-7C95F99EB0F0}.Release|Any CPU.ActiveCfg = Release|Any CPU
		{9DFF8EBE-00AE-A47F-F5AE-7C95F99EB0F0}.Release|Any CPU.Build.0 = Release|Any CPU
	EndGlobalSection
	GlobalSection(SolutionProperties) = preSolution
		HideSolutionNode = FALSE
	EndGlobalSection
	GlobalSection(ExtensibilityGlobals) = postSolution
		SolutionGuid = {F9000C7D-D2B7-4FE4-A367-CD1E0832306B}
	EndGlobalSection
EndGlobal
